
Microsoft Visual Studio Solution File, Format Version 12.00
# Visual Studio 15
VisualStudioVersion = 15.0.27130.2010
MinimumVisualStudioVersion = 10.0.40219.1
Project("{FAE04EC0-301F-11D3-BF4B-00C04F79EFBC}") = "VectorEqualityBug", "VectorEqualityBug\VectorEqualityBug.csproj", "{0B9C49B3-4770-471D-9AC0-BC5D4B34FA2D}"
EndProject
Global
	GlobalSection(SolutionConfigurationPlatforms) = preSolution
		Debug|Any CPU = Debug|Any CPU
		Release|Any CPU = Release|Any CPU
	EndGlobalSection
	GlobalSection(ProjectConfigurationPlatforms) = postSolution
		{0B9C49B3-4770-471D-9AC0-BC5D4B34FA2D}.Debug|Any CPU.ActiveCfg = Debug|Any CPU
		{0B9C49B3-4770-471D-9AC0-BC5D4B34FA2D}.Debug|Any CPU.Build.0 = Debug|Any CPU
		{0B9C49B3-4770-471D-9AC0-BC5D4B34FA2D}.Release|Any CPU.ActiveCfg = Release|Any CPU
		{0B9C49B3-4770-471D-9AC0-BC5D4B34FA2D}.Release|Any CPU.Build.0 = Release|Any CPU
	EndGlobalSection
	GlobalSection(SolutionProperties) = preSolution
		HideSolutionNode = FALSE
	EndGlobalSection
	GlobalSection(ExtensibilityGlobals) = postSolution
		SolutionGuid = {1C2720FD-FAD2-4ACF-BCD6-686F754B15D9}
	EndGlobalSection
EndGlobal
